
Microsoft Visual Studio Solution File, Format Version 12.00
# Visual Studio Version 17
VisualStudioVersion = 17.13.35919.96 d17.13
MinimumVisualStudioVersion = 10.0.40219.1
Project("{8BC9CEB8-8B4A-11D0-8D11-00A0C91BC942}") = "Fall2025", "Fall2025.vcxproj", "{518248E9-E78D-46A4-AA46-E0DA65598465}"
EndProject
Global
	GlobalSection(SolutionConfigurationPlatforms) = preSolution
		Debug|x64 = Debug|x64
		Debug|x86 = Debug|x86
		Release|x64 = Release|x64
		Release|x86 = Release|x86
	EndGlobalSection
	GlobalSection(ProjectConfigurationPlatforms) = postSolution
		{518248E9-E78D-46A4-AA46-E0DA65598465}.Debug|x64.ActiveCfg = Debug|x64
		{518248E9-E78D-46A4-AA46-E0DA65598465}.Debug|x64.Build.0 = Debug|x64
		{518248E9-E78D-46A4-AA46-E0DA65598465}.Debug|x86.ActiveCfg = Debug|Win32
		{518248E9-E78D-46A4-AA46-E0DA65598465}.Debug|x86.Build.0 = Debug|Win32
		{518248E9-E78D-46A4-AA46-E0DA65598465}.Release|x64.ActiveCfg = Release|x64
		{518248E9-E78D-46A4-AA46-E0DA65598465}.Release|x64.Build.0 = Release|x64
		{518248E9-E78D-46A4-AA46-E0DA65598465}.Release|x86.ActiveCfg = Release|Win32
		{518248E9-E78D-46A4-AA46-E0DA65598465}.Release|x86.Build.0 = Release|Win32
	EndGlobalSection
	GlobalSection(SolutionProperties) = preSolution
		HideSolutionNode = FALSE
	EndGlobalSection
	GlobalSection(ExtensibilityGlobals) = postSolution
		SolutionGuid = {13DAD0B4-EAD0-41A0-93D0-568F01F898F9}
	EndGlobalSection
EndGlobal
